
Microsoft Visual Studio Solution File, Format Version 12.00
# Visual Studio Version 17
VisualStudioVersion = 17.5.33516.290
MinimumVisualStudioVersion = 10.0.40219.1
Project("{9A19103F-16F7-4668-BE54-9A1E7A4F7556}") = "LyricsPPTMaker", "LyricsPPTMaker\LyricsPPTMaker.csproj", "{340F8D92-FCB4-4AA8-B115-3B1767CC9369}"
EndProject
Project("{2150E333-8FDC-42A3-9474-1A3956D46DE8}") = "Solution Items", "Solution Items", "{F58E0710-71DD-45A7-922A-05EAB42B5639}"
	ProjectSection(SolutionItems) = preProject
		.editorconfig = .editorconfig
	EndProjectSection
EndProject
Project("{54435603-DBB4-11D2-8724-00A0C9A8B90C}") = "LyricsPPTMakerSetup", "LyricsPPTMakerSetup\LyricsPPTMakerSetup.vdproj", "{F24C1372-6EA5-494E-8ABD-5E3720EC9733}"
EndProject
Project("{B7DD6F7E-DEF8-4E67-B5B7-07EF123DB6F0}") = "Setup", "Setup\Setup.wixproj", "{6AD67A24-A54D-4386-86EF-D8A46858F089}"
EndProject
Global
	GlobalSection(SolutionConfigurationPlatforms) = preSolution
		Debug|Any CPU = Debug|Any CPU
		Debug|ARM64 = Debug|ARM64
		Debug|x64 = Debug|x64
		Debug|x86 = Debug|x86
		Release|Any CPU = Release|Any CPU
		Release|ARM64 = Release|ARM64
		Release|x64 = Release|x64
		Release|x86 = Release|x86
	EndGlobalSection
	GlobalSection(ProjectConfigurationPlatforms) = postSolution
		{340F8D92-FCB4-4AA8-B115-3B1767CC9369}.Debug|Any CPU.ActiveCfg = Debug|x86
		{340F8D92-FCB4-4AA8-B115-3B1767CC9369}.Debug|ARM64.ActiveCfg = Debug|x86
		{340F8D92-FCB4-4AA8-B115-3B1767CC9369}.Debug|ARM64.Build.0 = Debug|x86
		{340F8D92-FCB4-4AA8-B115-3B1767CC9369}.Debug|x64.ActiveCfg = Debug|x86
		{340F8D92-FCB4-4AA8-B115-3B1767CC9369}.Debug|x64.Build.0 = Debug|x86
		{340F8D92-FCB4-4AA8-B115-3B1767CC9369}.Debug|x86.ActiveCfg = Debug|x86
		{340F8D92-FCB4-4AA8-B115-3B1767CC9369}.Debug|x86.Build.0 = Debug|x86
		{340F8D92-FCB4-4AA8-B115-3B1767CC9369}.Release|Any CPU.ActiveCfg = Release|x86
		{340F8D92-FCB4-4AA8-B115-3B1767CC9369}.Release|ARM64.ActiveCfg = Release|x86
		{340F8D92-FCB4-4AA8-B115-3B1767CC9369}.Release|ARM64.Build.0 = Release|x86
		{340F8D92-FCB4-4AA8-B115-3B1767CC9369}.Release|x64.ActiveCfg = Release|x86
		{340F8D92-FCB4-4AA8-B115-3B1767CC9369}.Release|x64.Build.0 = Release|x86
		{340F8D92-FCB4-4AA8-B115-3B1767CC9369}.Release|x86.ActiveCfg = Release|x86
		{340F8D92-FCB4-4AA8-B115-3B1767CC9369}.Release|x86.Build.0 = Release|x86
		{F24C1372-6EA5-494E-8ABD-5E3720EC9733}.Debug|Any CPU.ActiveCfg = Debug
		{F24C1372-6EA5-494E-8ABD-5E3720EC9733}.Debug|ARM64.ActiveCfg = Debug
		{F24C1372-6EA5-494E-8ABD-5E3720EC9733}.Debug|ARM64.Build.0 = Debug
		{F24C1372-6EA5-494E-8ABD-5E3720EC9733}.Debug|x64.ActiveCfg = Debug
		{F24C1372-6EA5-494E-8ABD-5E3720EC9733}.Debug|x64.Build.0 = Debug
		{F24C1372-6EA5-494E-8ABD-5E3720EC9733}.Debug|x86.ActiveCfg = Debug
		{F24C1372-6EA5-494E-8ABD-5E3720EC9733}.Release|Any CPU.ActiveCfg = Release
		{F24C1372-6EA5-494E-8ABD-5E3720EC9733}.Release|ARM64.ActiveCfg = Release
		{F24C1372-6EA5-494E-8ABD-5E3720EC9733}.Release|ARM64.Build.0 = Release
		{F24C1372-6EA5-494E-8ABD-5E3720EC9733}.Release|x64.ActiveCfg = Release
		{F24C1372-6EA5-494E-8ABD-5E3720EC9733}.Release|x64.Build.0 = Release
		{F24C1372-6EA5-494E-8ABD-5E3720EC9733}.Release|x86.ActiveCfg = Release
		{6AD67A24-A54D-4386-86EF-D8A46858F089}.Debug|Any CPU.ActiveCfg = Debug|x64
		{6AD67A24-A54D-4386-86EF-D8A46858F089}.Debug|Any CPU.Build.0 = Debug|x64
		{6AD67A24-A54D-4386-86EF-D8A46858F089}.Debug|ARM64.ActiveCfg = Debug|ARM64
		{6AD67A24-A54D-4386-86EF-D8A46858F089}.Debug|ARM64.Build.0 = Debug|ARM64
		{6AD67A24-A54D-4386-86EF-D8A46858F089}.Debug|x64.ActiveCfg = Debug|x64
		{6AD67A24-A54D-4386-86EF-D8A46858F089}.Debug|x64.Build.0 = Debug|x64
		{6AD67A24-A54D-4386-86EF-D8A46858F089}.Debug|x86.ActiveCfg = Debug|x86
		{6AD67A24-A54D-4386-86EF-D8A46858F089}.Debug|x86.Build.0 = Debug|x86
		{6AD67A24-A54D-4386-86EF-D8A46858F089}.Release|Any CPU.ActiveCfg = Release|x64
		{6AD67A24-A54D-4386-86EF-D8A46858F089}.Release|Any CPU.Build.0 = Release|x64
		{6AD67A24-A54D-4386-86EF-D8A46858F089}.Release|ARM64.ActiveCfg = Release|ARM64
		{6AD67A24-A54D-4386-86EF-D8A46858F089}.Release|ARM64.Build.0 = Release|ARM64
		{6AD67A24-A54D-4386-86EF-D8A46858F089}.Release|x64.ActiveCfg = Release|x64
		{6AD67A24-A54D-4386-86EF-D8A46858F089}.Release|x64.Build.0 = Release|x64
		{6AD67A24-A54D-4386-86EF-D8A46858F089}.Release|x86.ActiveCfg = Release|x86
		{6AD67A24-A54D-4386-86EF-D8A46858F089}.Release|x86.Build.0 = Release|x86
	EndGlobalSection
	GlobalSection(SolutionProperties) = preSolution
		HideSolutionNode = FALSE
	EndGlobalSection
	GlobalSection(ExtensibilityGlobals) = postSolution
		SolutionGuid = {AB4BAA7C-91A5-4F0B-B737-13255B092661}
	EndGlobalSection
EndGlobal
